{
  "schemaVersion": "tower-cutout-tooling-lock-v1",
  "createdAt": "2026-05-19T03:09:37.207Z",
  "packages": [
    {
      "package": "rembg",
      "version": "2.0.75",
      "packageSourceUrl": "https://pypi.org/project/rembg/",
      "projectSourceUrl": "https://github.com/danielgatis/rembg",
      "packageLicense": "MIT",
      "modelWeightsMustBeLicensedSeparately": true
    },
    {
      "package": "@imgly/background-removal",
      "version": "1.7.0",
      "packageSourceUrl": "https://github.com/imgly/background-removal-js",
      "packageLicense": "AGPL-3.0",
      "productionUse": "license-blocked-until-reviewed"
    }
  ]
}
